// !$*UTF8*$!
{
	archiveVersion = 1;
	classes = {
	};
	objectVersion = 46;
	objects = {

/* Begin PBXBuildFile section */
		187A35B01A669A670044D87F /* main.m in Sources */ = {isa = PBXBuildFile; fileRef = 187A35AF1A669A670044D87F /* main.m */; };
		187A35B31A669A670044D87F /* AppDelegate.m in Sources */ = {isa = PBXBuildFile; fileRef = 187A35B21A669A670044D87F /* AppDelegate.m */; };
		187A35B61A669A670044D87F /* ViewController.m in Sources */ = {isa = PBXBuildFile; fileRef = 187A35B51A669A670044D87F /* ViewController.m */; };
		187A35B91A669A670044D87F /* Main.storyboard in Resources */ = {isa = PBXBuildFile; fileRef = 187A35B71A669A670044D87F /* Main.storyboard */; };
		187A35BB1A669A670044D87F /* Images.xcassets in Resources */ = {isa = PBXBuildFile; fileRef = 187A35BA1A669A670044D87F /* Images.xcassets */; };
		187A35BE1A669A670044D87F /* LaunchScreen.xib in Resources */ = {isa = PBXBuildFile; fileRef = 187A35BC1A669A670044D87F /* LaunchScreen.xib */; };
		187A35CA1A669A670044D87F /* Case_ToolTests.m in Sources */ = {isa = PBXBuildFile; fileRef = 187A35C91A669A670044D87F /* Case_ToolTests.m */; };
/* End PBXBuildFile section */

/* Begin PBXContainerItemProxy section */
		187A35C41A669A670044D87F /* PBXContainerItemProxy */ = {
			isa = PBXContainerItemProxy;
			containerPortal = 187A35A21A669A670044D87F /* Project object */;
			proxyType = 1;
			remoteGlobalIDString = 187A35A91A669A670044D87F;
			remoteInfo = "Case Tool";
		};
/* End PBXContainerItemProxy section */

/* Begin PBXFileReference section */
		187A35AA1A669A670044D87F /* Case Tool.app */ = {isa = PBXFileReference; explicitFileType = wrapper.application; includeInIndex = 0; path = "Case Tool.app"; sourceTree = BUILT_PRODUCTS_DIR; };
		187A35AE1A669A670044D87F /* Info.plist */ = {isa = PBXFileReference; lastKnownFileType = text.plist.xml; path = Info.plist; sourceTree = "<group>"; };
		187A35AF1A669A670044D87F /* main.m */ = {isa = PBXFileReference; lastKnownFileType = sourcecode.c.objc; path = main.m; sourceTree = "<group>"; };
		187A35B11A669A670044D87F /* AppDelegate.h */ = {isa = PBXFileReference; lastKnownFileType = sourcecode.c.h; path = AppDelegate.h; sourceTree = "<group>"; };
		187A35B21A669A670044D87F /* AppDelegate.m */ = {isa = PBXFileReference; lastKnownFileType = sourcecode.c.objc; path = AppDelegate.m; sourceTree = "<group>"; };
		187A35B41A669A670044D87F /* ViewController.h */ = {isa = PBXFileReference; lastKnownFileType = sourcecode.c.h; path = ViewController.h; sourceTree = "<group>"; };
		187A35B51A669A670044D87F /* ViewController.m */ = {isa = PBXFileReference; lastKnownFileType = sourcecode.c.objc; path = ViewController.m; sourceTree = "<group>"; };
		187A35B81A669A670044D87F /* Base */ = {isa = PBXFileReference; lastKnownFileType = file.storyboard; name = Base; path = Base.lproj/Main.storyboard; sourceTree = "<group>"; };
		187A35BA1A669A670044D87F /* Images.xcassets */ = {isa = PBXFileReference; lastKnownFileType = folder.assetcatalog; path = Images.xcassets; sourceTree = "<group>"; };
		187A35BD1A669A670044D87F /* Base */ = {isa = PBXFileReference; lastKnownFileType = file.xib; name = Base; path = Base.lproj/LaunchScreen.xib; sourceTree = "<group>"; };
		187A35C31A669A670044D87F /* Case ToolTests.xctest */ = {isa = PBXFileReference; explicitFileType = wrapper.cfbundle; includeInIndex = 0; path = "Case ToolTests.xctest"; sourceTree = BUILT_PRODUCTS_DIR; };
		187A35C81A669A670044D87F /* Info.plist */ = {isa = PBXFileReference; lastKnownFileType = text.plist.xml; path = Info.plist; sourceTree = "<group>"; };
		187A35C91A669A670044D87F /* Case_ToolTests.m */ = {isa = PBXFileReference; lastKnownFileType = sourcecode.c.objc; path = Case_ToolTests.m; sourceTree = "<group>"; };
/* End PBXFileReference section */

/* Begin PBXFrameworksBuildPhase section */
		187A35A71A669A670044D87F /* Frameworks */ = {
			isa = PBXFrameworksBuildPhase;
			buildActionMask = 2147483647;
			files = (
			);
			runOnlyForDeploymentPostprocessing = 0;
		};
		187A35C01A669A670044D87F /* Frameworks */ = {
			isa = PBXFrameworksBuildPhase;
			buildActionMask = 2147483647;
			files = (
			);
			runOnlyForDeploymentPostprocessing = 0;
		};
/* End PBXFrameworksBuildPhase section */

/* Begin PBXGroup section */
		187A35A11A669A670044D87F = {
			isa = PBXGroup;
			children = (
				187A35AC1A669A670044D87F /* Case Tool */,
				187A35C61A669A670044D87F /* Case ToolTests */,
				187A35AB1A669A670044D87F /* Products */,
			);
			sourceTree = "<group>";
		};
		187A35AB1A669A670044D87F /* Products */ = {
			isa = PBXGroup;
			children = (
				187A35AA1A669A670044D87F /* Case Tool.app */,
				187A35C31A669A670044D87F /* Case ToolTests.xctest */,
			);
			name = Products;
			sourceTree = "<group>";
		};
		187A35AC1A669A670044D87F /* Case Tool */ = {
			isa = PBXGroup;
			children = (
				187A35B11A669A670044D87F /* AppDelegate.h */,
				187A35B21A669A670044D87F /* AppDelegate.m */,
				187A35B41A669A670044D87F /* ViewController.h */,
				187A35B51A669A670044D87F /* ViewController.m */,
				187A35B71A669A670044D87F /* Main.storyboard */,
				187A35BA1A669A670044D87F /* Images.xcassets */,
				187A35BC1A669A670044D87F /* LaunchScreen.xib */,
				187A35AD1A669A670044D87F /* Supporting Files */,
			);
			path = "Case Tool";
			sourceTree = "<group>";
		};
		187A35AD1A669A670044D87F /* Supporting Files */ = {
			isa = PBXGroup;
			children = (
				187A35AE1A669A670044D87F /* Info.plist */,
				187A35AF1A669A670044D87F /* main.m */,
			);
			name = "Supporting Files";
			sourceTree = "<group>";
		};
		187A35C61A669A670044D87F /* Case ToolTests */ = {
			isa = PBXGroup;
			children = (
				187A35C91A669A670044D87F /* Case_ToolTests.m */,
				187A35C71A669A670044D87F /* Supporting Files */,
			);
			path = "Case ToolTests";
			sourceTree = "<group>";
		};
		187A35C71A669A670044D87F /* Supporting Files */ = {
			isa = PBXGroup;
			children = (
				187A35C81A669A670044D87F /* Info.plist */,
			);
			name = "Supporting Files";
			sourceTree = "<group>";
		};
/* End PBXGroup section */

/* Begin PBXNativeTarget section */
		187A35A91A669A670044D87F /* Case Tool */ = {
			isa = PBXNativeTarget;
			buildConfigurationList = 187A35CD1A669A670044D87F /* Build configuration list for PBXNativeTarget "Case Tool" */;
			buildPhases = (
				187A35A61A669A670044D87F /* Sources */,
				187A35A71A669A670044D87F /* Frameworks */,
				187A35A81A669A670044D87F /* Resources */,
			);
			buildRules = (
			);
			dependencies = (
			);
			name = "Case Tool";
			productName = "Case Tool";
			productReference = 187A35AA1A669A670044D87F /* Case Tool.app */;
			productType = "com.apple.product-type.application";
		};
		187A35C21A669A670044D87F /* Case ToolTests */ = {
			isa = PBXNativeTarget;
			buildConfigurationList = 187A35D01A669A670044D87F /* Build configuration list for PBXNativeTarget "Case ToolTests" */;
			buildPhases = (
				187A35BF1A669A670044D87F /* Sources */,
				187A35C01A669A670044D87F /* Frameworks */,
				187A35C11A669A670044D87F /* Resources */,
			);
			buildRules = (
			);
			dependencies = (
				187A35C51A669A670044D87F /* PBXTargetDependency */,
			);
			name = "Case ToolTests";
			productName = "Case ToolTests";
			productReference = 187A35C31A669A670044D87F /* Case ToolTests.xctest */;
			productType = "com.apple.product-type.bundle.unit-test";
		};
/* End PBXNativeTarget section */

/* Begin PBXProject section */
		187A35A21A669A670044D87F /* Project object */ = {
			isa = PBXProject;
			attributes = {
				LastUpgradeCheck = 0610;
				ORGANIZATIONNAME = Jamie;
				TargetAttributes = {
					187A35A91A669A670044D87F = {
						CreatedOnToolsVersion = 6.1.1;
					};
					187A35C21A669A670044D87F = {
						CreatedOnToolsVersion = 6.1.1;
						TestTargetID = 187A35A91A669A670044D87F;
					};
				};
			};
			buildConfigurationList = 187A35A51A669A670044D87F /* Build configuration list for PBXProject "Case Tool" */;
			compatibilityVersion = "Xcode 3.2";
			developmentRegion = English;
			hasScannedForEncodings = 0;
			knownRegions = (
				en,
				Base,
			);
			mainGroup = 187A35A11A669A670044D87F;
			productRefGroup = 187A35AB1A669A670044D87F /* Products */;
			projectDirPath = "";
			projectRoot = "";
			targets = (
				187A35A91A669A670044D87F /* Case Tool */,
				187A35C21A669A670044D87F /* Case ToolTests */,
			);
		};
/* End PBXProject section */

/* Begin PBXResourcesBuildPhase section */
		187A35A81A669A670044D87F /* Resources */ = {
			isa = PBXResourcesBuildPhase;
			buildActionMask = 2147483647;
			files = (
				187A35B91A669A670044D87F /* Main.storyboard in Resources */,
				187A35BE1A669A670044D87F /* LaunchScreen.xib in Resources */,
				187A35BB1A669A670044D87F /* Images.xcassets in Resources */,
			);
			runOnlyForDeploymentPostprocessing = 0;
		};
		187A35C11A669A670044D87F /* Resources */ = {
			isa = PBXResourcesBuildPhase;
			buildActionMask = 2147483647;
			files = (
			);
			runOnlyForDeploymentPostprocessing = 0;
		};
/* End PBXResourcesBuildPhase section */

/* Begin PBXSourcesBuildPhase section */
		187A35A61A669A670044D87F /* Sources */ = {
			isa = PBXSourcesBuildPhase;
			buildActionMask = 2147483647;
			files = (
				187A35B61A669A670044D87F /* ViewController.m in Sources */,
				187A35B31A669A670044D87F /* AppDelegate.m in Sources */,
				187A35B01A669A670044D87F /* main.m in Sources */,
			);
			runOnlyForDeploymentPostprocessing = 0;
		};
		187A35BF1A669A670044D87F /* Sources */ = {
			isa = PBXSourcesBuildPhase;
			buildActionMask = 2147483647;
			files = (
				187A35CA1A669A670044D87F /* Case_ToolTests.m in Sources */,
			);
			runOnlyForDeploymentPostprocessing = 0;
		};
/* End PBXSourcesBuildPhase section */

/* Begin PBXTargetDependency section */
		187A35C51A669A670044D87F /* PBXTargetDependency */ = {
			isa = PBXTargetDependency;
			target = 187A35A91A669A670044D87F /* Case Tool */;
			targetProxy = 187A35C41A669A670044D87F /* PBXContainerItemProxy */;
		};
/* End PBXTargetDependency section */

/* Begin PBXVariantGroup section */
		187A35B71A669A670044D87F /* Main.storyboard */ = {
			isa = PBXVariantGroup;
			children = (
				187A35B81A669A670044D87F /* Base */,
			);
			name = Main.storyboard;
			sourceTree = "<group>";
		};
		187A35BC1A669A670044D87F /* LaunchScreen.xib */ = {
			isa = PBXVariantGroup;
			children = (
				187A35BD1A669A670044D87F /* Base */,
			);
			name = LaunchScreen.xib;
			sourceTree = "<group>";
		};
/* End PBXVariantGroup section */

/* Begin XCBuildConfiguration section */
		187A35CB1A669A670044D87F /* Debug */ = {
			isa = XCBuildConfiguration;
			buildSettings = {
				ALWAYS_SEARCH_USER_PATHS = NO;
				CLANG_CXX_LANGUAGE_STANDARD = "gnu++0x";
				CLANG_CXX_LIBRARY = "libc++";
				CLANG_ENABLE_MODULES = YES;
				CLANG_ENABLE_OBJC_ARC = YES;
				CLANG_WARN_BOOL_CONVERSION = YES;
				CLANG_WARN_CONSTANT_CONVERSION = YES;
				CLANG_WARN_DIRECT_OBJC_ISA_USAGE = YES_ERROR;
				CLANG_WARN_EMPTY_BODY = YES;
				CLANG_WARN_ENUM_CONVERSION = YES;
				CLANG_WARN_INT_CONVERSION = YES;
				CLANG_WARN_OBJC_ROOT_CLASS = YES_ERROR;
				CLANG_WARN_UNREACHABLE_CODE = YES;
				CLANG_WARN__DUPLICATE_METHOD_MATCH = YES;
				"CODE_SIGN_IDENTITY[sdk=iphoneos*]" = "iPhone Developer";
				COPY_PHASE_STRIP = NO;
				ENABLE_STRICT_OBJC_MSGSEND = YES;
				GCC_C_LANGUAGE_STANDARD = gnu99;
				GCC_DYNAMIC_NO_PIC = NO;
				GCC_OPTIMIZATION_LEVEL = 0;
				GCC_PREPROCESSOR_DEFINITIONS = (
					"DEBUG=1",
					"$(inherited)",
				);
				GCC_SYMBOLS_PRIVATE_EXTERN = NO;
				GCC_WARN_64_TO_32_BIT_CONVERSION = YES;
				GCC_WARN_ABOUT_RETURN_TYPE = YES_ERROR;
				GCC_WARN_UNDECLARED_SELECTOR = YES;
				GCC_WARN_UNINITIALIZED_AUTOS = YES_AGGRESSIVE;
				GCC_WARN_UNUSED_FUNCTION = YES;
				GCC_WARN_UNUSED_VARIABLE = YES;
				IPHONEOS_DEPLOYMENT_TARGET = 8.1;
				MTL_ENABLE_DEBUG_INFO = YES;
				ONLY_ACTIVE_ARCH = YES;
				SDKROOT = iphoneos;
				TARGETED_DEVICE_FAMILY = "1,2";
			};
			name = Debug;
		};
		187A35CC1A669A670044D87F /* Release */ = {
			isa = XCBuildConfiguration;
			buildSettings = {
				ALWAYS_SEARCH_USER_PATHS = NO;
				CLANG_CXX_LANGUAGE_STANDARD = "gnu++0x";
				CLANG_CXX_LIBRARY = "libc++";
				CLANG_ENABLE_MODULES = YES;
				CLANG_ENABLE_OBJC_ARC = YES;
				CLANG_WARN_BOOL_CONVERSION = YES;
				CLANG_WARN_CONSTANT_CONVERSION = YES;
				CLANG_WARN_DIRECT_OBJC_ISA_USAGE = YES_ERROR;
				CLANG_WARN_EMPTY_BODY = YES;
				CLANG_WARN_ENUM_CONVERSION = YES;
				CLANG_WARN_INT_CONVERSION = YES;
				CLANG_WARN_OBJC_ROOT_CLASS = YES_ERROR;
				CLANG_WARN_UNREACHABLE_CODE = YES;
				CLANG_WARN__DUPLICATE_METHOD_MATCH = YES;
				"CODE_SIGN_IDENTITY[sdk=iphoneos*]" = "iPhone Developer";
				COPY_PHASE_STRIP = YES;
				ENABLE_NS_ASSERTIONS = NO;
				ENABLE_STRICT_OBJC_MSGSEND = YES;
				GCC_C_LANGUAGE_STANDARD = gnu99;
				GCC_WARN_64_TO_32_BIT_CONVERSION = YES;
				GCC_WARN_ABOUT_RETURN_TYPE = YES_ERROR;
				GCC_WARN_UNDECLARED_SELECTOR = YES;
				GCC_WARN_UNINITIALIZED_AUTOS = YES_AGGRESSIVE;
				GCC_WARN_UNUSED_FUNCTION = YES;
				GCC_WARN_UNUSED_VARIABLE = YES;
				IPHONEOS_DEPLOYMENT_TARGET = 8.1;
				MTL_ENABLE_DEBUG_INFO = NO;
				SDKROOT = iphoneos;
				TARGETED_DEVICE_FAMILY = "1,2";
				VALIDATE_PRODUCT = YES;
			};
			name = Release;
		};
		187A35CE1A669A670044D87F /* Debug */ = {
			isa = XCBuildConfiguration;
			buildSettings = {
				ASSETCATALOG_COMPILER_APPICON_NAME = AppIcon;
				INFOPLIST_FILE = "Case Tool/Info.plist";
				LD_RUNPATH_SEARCH_PATHS = "$(inherited) @executable_path/Frameworks";
				PRODUCT_NAME = "$(TARGET_NAME)";
			};
			name = Debug;
		};
		187A35CF1A669A670044D87F /* Release */ = {
			isa = XCBuildConfiguration;
			buildSettings = {
				ASSETCATALOG_COMPILER_APPICON_NAME = AppIcon;
				INFOPLIST_FILE = "Case Tool/Info.plist";
				LD_RUNPATH_SEARCH_PATHS = "$(inherited) @executable_path/Frameworks";
				PRODUCT_NAME = "$(TARGET_NAME)";
			};
			name = Release;
		};
		187A35D11A669A670044D87F /* Debug */ = {
			isa = XCBuildConfiguration;
			buildSettings = {
				BUNDLE_LOADER = "$(TEST_HOST)";
				FRAMEWORK_SEARCH_PATHS = (
					"$(SDKROOT)/Developer/Library/Frameworks",
					"$(inherited)",
				);
				GCC_PREPROCESSOR_DEFINITIONS = (
					"DEBUG=1",
					"$(inherited)",
				);
				INFOPLIST_FILE = "Case ToolTests/Info.plist";
				LD_RUNPATH_SEARCH_PATHS = "$(inherited) @executable_path/Frameworks @loader_path/Frameworks";
				PRODUCT_NAME = "$(TARGET_NAME)";
				TEST_HOST = "$(BUILT_PRODUCTS_DIR)/Case Tool.app/Case Tool";
			};
			name = Debug;
		};
		187A35D21A669A670044D87F /* Release */ = {
			isa = XCBuildConfiguration;
			buildSettings = {
				BUNDLE_LOADER = "$(TEST_HOST)";
				FRAMEWORK_SEARCH_PATHS = (
					"$(SDKROOT)/Developer/Library/Frameworks",
					"$(inherited)",
				);
				INFOPLIST_FILE = "Case ToolTests/Info.plist";
				LD_RUNPATH_SEARCH_PATHS = "$(inherited) @executable_path/Frameworks @loader_path/Frameworks";
				PRODUCT_NAME = "$(TARGET_NAME)";
				TEST_HOST = "$(BUILT_PRODUCTS_DIR)/Case Tool.app/Case Tool";
			};
			name = Release;
		};
/* End XCBuildConfiguration section */

/* Begin XCConfigurationList section */
		187A35A51A669A670044D87F /* Build configuration list for PBXProject "Case Tool" */ = {
			isa = XCConfigurationList;
			buildConfigurations = (
				187A35CB1A669A670044D87F /* Debug */,
				187A35CC1A669A670044D87F /* Release */,
			);
			defaultConfigurationIsVisible = 0;
			defaultConfigurationName = Release;
		};
		187A35CD1A669A670044D87F /* Build configuration list for PBXNativeTarget "Case Tool" */ = {
			isa = XCConfigurationList;
			buildConfigurations = (
				187A35CE1A669A670044D87F /* Debug */,
				187A35CF1A669A670044D87F /* Release */,
			);
			defaultConfigurationIsVisible = 0;
		};
		187A35D01A669A670044D87F /* Build configuration list for PBXNativeTarget "Case ToolTests" */ = {
			isa = XCConfigurationList;
			buildConfigurations = (
				187A35D11A669A670044D87F /* Debug */,
				187A35D21A669A670044D87F /* Release */,
			);
			defaultConfigurationIsVisible = 0;
		};
/* End XCConfigurationList section */
	};
	rootObject = 187A35A21A669A670044D87F /* Project object */;
}
